
Microsoft Visual Studio Solution File, Format Version 12.00
# Visual Studio Version 17
VisualStudioVersion = 17.8.34525.116
MinimumVisualStudioVersion = 10.0.40219.1
Project("{FAE04EC0-301F-11D3-BF4B-00C04F79EFBC}") = "Rugby", "Rugby\Rugby.csproj", "{4C5A8A41-2FD7-4D37-85AD-0F7F914B9D07}"
EndProject
Global
	GlobalSection(SolutionConfigurationPlatforms) = preSolution
		Debug|Any CPU = Debug|Any CPU
		Release|Any CPU = Release|Any CPU
	EndGlobalSection
	GlobalSection(ProjectConfigurationPlatforms) = postSolution
		{4C5A8A41-2FD7-4D37-85AD-0F7F914B9D07}.Debug|Any CPU.ActiveCfg = Debug|Any CPU
		{4C5A8A41-2FD7-4D37-85AD-0F7F914B9D07}.Debug|Any CPU.Build.0 = Debug|Any CPU
		{4C5A8A41-2FD7-4D37-85AD-0F7F914B9D07}.Release|Any CPU.ActiveCfg = Release|Any CPU
		{4C5A8A41-2FD7-4D37-85AD-0F7F914B9D07}.Release|Any CPU.Build.0 = Release|Any CPU
	EndGlobalSection
	GlobalSection(SolutionProperties) = preSolution
		HideSolutionNode = FALSE
	EndGlobalSection
	GlobalSection(ExtensibilityGlobals) = postSolution
		SolutionGuid = {F75F570C-EDC1-4377-BDC3-1E56D19390B1}
	EndGlobalSection
EndGlobal
