
Microsoft Visual Studio Solution File, Format Version 12.00
# Visual Studio Version 17
VisualStudioVersion = 17.8.34525.116
MinimumVisualStudioVersion = 10.0.40219.1
Project("{9A19103F-16F7-4668-BE54-9A1E7A4F7556}") = "ChessClassLibraryC#", "ChessClassLibraryC#\ChessClassLibraryC#.csproj", "{1C1793A3-F7FD-4C3B-B0A1-DC64BCADA796}"
EndProject
Project("{FAE04EC0-301F-11D3-BF4B-00C04F79EFBC}") = "WebChessInitializer", "WebChessInitializer\WebChessInitializer.csproj", "{8E63EF77-32DE-4A00-9713-07CBEC908768}"
EndProject
Project("{FAE04EC0-301F-11D3-BF4B-00C04F79EFBC}") = "Database", "Database\Database.csproj", "{14D29EBA-F5B4-43C9-8073-027BB4C7FE60}"
EndProject
Global
	GlobalSection(SolutionConfigurationPlatforms) = preSolution
		Debug|Any CPU = Debug|Any CPU
		Release|Any CPU = Release|Any CPU
	EndGlobalSection
	GlobalSection(ProjectConfigurationPlatforms) = postSolution
		{1C1793A3-F7FD-4C3B-B0A1-DC64BCADA796}.Debug|Any CPU.ActiveCfg = Debug|Any CPU
		{1C1793A3-F7FD-4C3B-B0A1-DC64BCADA796}.Debug|Any CPU.Build.0 = Debug|Any CPU
		{1C1793A3-F7FD-4C3B-B0A1-DC64BCADA796}.Release|Any CPU.ActiveCfg = Release|Any CPU
		{1C1793A3-F7FD-4C3B-B0A1-DC64BCADA796}.Release|Any CPU.Build.0 = Release|Any CPU
		{8E63EF77-32DE-4A00-9713-07CBEC908768}.Debug|Any CPU.ActiveCfg = Debug|Any CPU
		{8E63EF77-32DE-4A00-9713-07CBEC908768}.Debug|Any CPU.Build.0 = Debug|Any CPU
		{8E63EF77-32DE-4A00-9713-07CBEC908768}.Release|Any CPU.ActiveCfg = Release|Any CPU
		{8E63EF77-32DE-4A00-9713-07CBEC908768}.Release|Any CPU.Build.0 = Release|Any CPU
		{14D29EBA-F5B4-43C9-8073-027BB4C7FE60}.Debug|Any CPU.ActiveCfg = Debug|Any CPU
		{14D29EBA-F5B4-43C9-8073-027BB4C7FE60}.Debug|Any CPU.Build.0 = Debug|Any CPU
		{14D29EBA-F5B4-43C9-8073-027BB4C7FE60}.Release|Any CPU.ActiveCfg = Release|Any CPU
		{14D29EBA-F5B4-43C9-8073-027BB4C7FE60}.Release|Any CPU.Build.0 = Release|Any CPU
	EndGlobalSection
	GlobalSection(SolutionProperties) = preSolution
		HideSolutionNode = FALSE
	EndGlobalSection
	GlobalSection(ExtensibilityGlobals) = postSolution
		SolutionGuid = {421DD73B-FC07-4AF7-98DA-74CC74226CFE}
	EndGlobalSection
EndGlobal
