
Microsoft Visual Studio Solution File, Format Version 12.00
# Visual Studio Version 17
VisualStudioVersion = 17.7.34024.191
MinimumVisualStudioVersion = 10.0.40219.1
Project("{FAE04EC0-301F-11D3-BF4B-00C04F79EFBC}") = "Await", "Await\Await.csproj", "{718ED230-3A88-41D1-A20B-408B1422656A}"
EndProject
Global
	GlobalSection(SolutionConfigurationPlatforms) = preSolution
		Debug|Any CPU = Debug|Any CPU
		Release|Any CPU = Release|Any CPU
	EndGlobalSection
	GlobalSection(ProjectConfigurationPlatforms) = postSolution
		{718ED230-3A88-41D1-A20B-408B1422656A}.Debug|Any CPU.ActiveCfg = Debug|Any CPU
		{718ED230-3A88-41D1-A20B-408B1422656A}.Debug|Any CPU.Build.0 = Debug|Any CPU
		{718ED230-3A88-41D1-A20B-408B1422656A}.Release|Any CPU.ActiveCfg = Release|Any CPU
		{718ED230-3A88-41D1-A20B-408B1422656A}.Release|Any CPU.Build.0 = Release|Any CPU
	EndGlobalSection
	GlobalSection(SolutionProperties) = preSolution
		HideSolutionNode = FALSE
	EndGlobalSection
	GlobalSection(ExtensibilityGlobals) = postSolution
		SolutionGuid = {15510A99-203E-400A-967A-1BD1679BAA42}
	EndGlobalSection
EndGlobal
