
Microsoft Visual Studio Solution File, Format Version 12.00
# Visual Studio Version 17
VisualStudioVersion = 17.8.34525.116
MinimumVisualStudioVersion = 10.0.40219.1
Project("{9A19103F-16F7-4668-BE54-9A1E7A4F7556}") = "Model", "Model\Model.csproj", "{FC26931B-E955-4E2F-A6A1-CFF29ADF1DFA}"
EndProject
Project("{9A19103F-16F7-4668-BE54-9A1E7A4F7556}") = "Test", "..\Test\Test\Test.csproj", "{40B87DF7-62C8-46AB-B645-634150D49C0A}"
EndProject
Project("{FAE04EC0-301F-11D3-BF4B-00C04F79EFBC}") = "ChessApp", "..\App\ChessApp\ChessApp.csproj", "{E503021F-4E58-4E2D-94F7-8D777CC0C0CB}"
EndProject
Global
	GlobalSection(SolutionConfigurationPlatforms) = preSolution
		Debug|Any CPU = Debug|Any CPU
		Release|Any CPU = Release|Any CPU
	EndGlobalSection
	GlobalSection(ProjectConfigurationPlatforms) = postSolution
		{FC26931B-E955-4E2F-A6A1-CFF29ADF1DFA}.Debug|Any CPU.ActiveCfg = Debug|Any CPU
		{FC26931B-E955-4E2F-A6A1-CFF29ADF1DFA}.Debug|Any CPU.Build.0 = Debug|Any CPU
		{FC26931B-E955-4E2F-A6A1-CFF29ADF1DFA}.Release|Any CPU.ActiveCfg = Release|Any CPU
		{FC26931B-E955-4E2F-A6A1-CFF29ADF1DFA}.Release|Any CPU.Build.0 = Release|Any CPU
		{40B87DF7-62C8-46AB-B645-634150D49C0A}.Debug|Any CPU.ActiveCfg = Debug|Any CPU
		{40B87DF7-62C8-46AB-B645-634150D49C0A}.Debug|Any CPU.Build.0 = Debug|Any CPU
		{40B87DF7-62C8-46AB-B645-634150D49C0A}.Release|Any CPU.ActiveCfg = Release|Any CPU
		{40B87DF7-62C8-46AB-B645-634150D49C0A}.Release|Any CPU.Build.0 = Release|Any CPU
		{E503021F-4E58-4E2D-94F7-8D777CC0C0CB}.Debug|Any CPU.ActiveCfg = Debug|Any CPU
		{E503021F-4E58-4E2D-94F7-8D777CC0C0CB}.Debug|Any CPU.Build.0 = Debug|Any CPU
		{E503021F-4E58-4E2D-94F7-8D777CC0C0CB}.Release|Any CPU.ActiveCfg = Release|Any CPU
		{E503021F-4E58-4E2D-94F7-8D777CC0C0CB}.Release|Any CPU.Build.0 = Release|Any CPU
	EndGlobalSection
	GlobalSection(SolutionProperties) = preSolution
		HideSolutionNode = FALSE
	EndGlobalSection
	GlobalSection(ExtensibilityGlobals) = postSolution
		SolutionGuid = {CAD3E581-5D82-450F-B84C-71209A6F20D1}
	EndGlobalSection
EndGlobal
