
Microsoft Visual Studio Solution File, Format Version 12.00
# Visual Studio Version 17
VisualStudioVersion = 17.9.34728.123
MinimumVisualStudioVersion = 10.0.40219.1
Project("{FAE04EC0-301F-11D3-BF4B-00C04F79EFBC}") = "Practica6.3", "Practica6.3\Practica6.3.csproj", "{3D8C8186-3160-40C5-8A55-3EA6D0DBA791}"
EndProject
Project("{FAE04EC0-301F-11D3-BF4B-00C04F79EFBC}") = "TestReserva", "TestReserva\TestReserva.csproj", "{AE796B50-6072-48B9-8688-E08A82AEB95D}"
EndProject
Global
	GlobalSection(SolutionConfigurationPlatforms) = preSolution
		Debug|Any CPU = Debug|Any CPU
		Release|Any CPU = Release|Any CPU
	EndGlobalSection
	GlobalSection(ProjectConfigurationPlatforms) = postSolution
		{3D8C8186-3160-40C5-8A55-3EA6D0DBA791}.Debug|Any CPU.ActiveCfg = Debug|Any CPU
		{3D8C8186-3160-40C5-8A55-3EA6D0DBA791}.Debug|Any CPU.Build.0 = Debug|Any CPU
		{3D8C8186-3160-40C5-8A55-3EA6D0DBA791}.Release|Any CPU.ActiveCfg = Release|Any CPU
		{3D8C8186-3160-40C5-8A55-3EA6D0DBA791}.Release|Any CPU.Build.0 = Release|Any CPU
		{AE796B50-6072-48B9-8688-E08A82AEB95D}.Debug|Any CPU.ActiveCfg = Debug|Any CPU
		{AE796B50-6072-48B9-8688-E08A82AEB95D}.Debug|Any CPU.Build.0 = Debug|Any CPU
		{AE796B50-6072-48B9-8688-E08A82AEB95D}.Release|Any CPU.ActiveCfg = Release|Any CPU
		{AE796B50-6072-48B9-8688-E08A82AEB95D}.Release|Any CPU.Build.0 = Release|Any CPU
	EndGlobalSection
	GlobalSection(SolutionProperties) = preSolution
		HideSolutionNode = FALSE
	EndGlobalSection
	GlobalSection(ExtensibilityGlobals) = postSolution
		SolutionGuid = {B0E79409-CB99-4A6D-A791-EE6AAF3E6FC7}
	EndGlobalSection
EndGlobal
