
Microsoft Visual Studio Solution File, Format Version 12.00
# Visual Studio Version 17
VisualStudioVersion = 17.8.34525.116
MinimumVisualStudioVersion = 10.0.40219.1
Project("{FAE04EC0-301F-11D3-BF4B-00C04F79EFBC}") = "day2", "day2\day2.csproj", "{37D0740E-7082-4947-9EE1-3625E75457DF}"
EndProject
Global
	GlobalSection(SolutionConfigurationPlatforms) = preSolution
		Debug|Any CPU = Debug|Any CPU
		Release|Any CPU = Release|Any CPU
	EndGlobalSection
	GlobalSection(ProjectConfigurationPlatforms) = postSolution
		{37D0740E-7082-4947-9EE1-3625E75457DF}.Debug|Any CPU.ActiveCfg = Debug|Any CPU
		{37D0740E-7082-4947-9EE1-3625E75457DF}.Debug|Any CPU.Build.0 = Debug|Any CPU
		{37D0740E-7082-4947-9EE1-3625E75457DF}.Release|Any CPU.ActiveCfg = Release|Any CPU
		{37D0740E-7082-4947-9EE1-3625E75457DF}.Release|Any CPU.Build.0 = Release|Any CPU
	EndGlobalSection
	GlobalSection(SolutionProperties) = preSolution
		HideSolutionNode = FALSE
	EndGlobalSection
	GlobalSection(ExtensibilityGlobals) = postSolution
		SolutionGuid = {7240B6D5-1FD8-4734-8E30-34848E9DD404}
	EndGlobalSection
EndGlobal
