
Microsoft Visual Studio Solution File, Format Version 12.00
# Visual Studio Version 17
VisualStudioVersion = 17.7.34031.279
MinimumVisualStudioVersion = 10.0.40219.1
Project("{FAE04EC0-301F-11D3-BF4B-00C04F79EFBC}") = "0.1_example", "0.1_example\0.1_example.csproj", "{EE7E6067-3570-4307-8F24-4711CB269981}"
EndProject
Global
	GlobalSection(SolutionConfigurationPlatforms) = preSolution
		Debug|Any CPU = Debug|Any CPU
		Release|Any CPU = Release|Any CPU
	EndGlobalSection
	GlobalSection(ProjectConfigurationPlatforms) = postSolution
		{EE7E6067-3570-4307-8F24-4711CB269981}.Debug|Any CPU.ActiveCfg = Debug|Any CPU
		{EE7E6067-3570-4307-8F24-4711CB269981}.Debug|Any CPU.Build.0 = Debug|Any CPU
		{EE7E6067-3570-4307-8F24-4711CB269981}.Release|Any CPU.ActiveCfg = Release|Any CPU
		{EE7E6067-3570-4307-8F24-4711CB269981}.Release|Any CPU.Build.0 = Release|Any CPU
	EndGlobalSection
	GlobalSection(SolutionProperties) = preSolution
		HideSolutionNode = FALSE
	EndGlobalSection
	GlobalSection(ExtensibilityGlobals) = postSolution
		SolutionGuid = {972F178E-6111-40F8-A4EF-E47865D45D29}
	EndGlobalSection
EndGlobal
