
Microsoft Visual Studio Solution File, Format Version 12.00
# Visual Studio Version 17
VisualStudioVersion = 17.7.34024.191
MinimumVisualStudioVersion = 10.0.40219.1
Project("{9A19103F-16F7-4668-BE54-9A1E7A4F7556}") = "TestServer", "TestServer\TestServer.csproj", "{F8E2F650-3434-44CE-AE5A-0B0B0AD26B53}"
EndProject
Project("{FAE04EC0-301F-11D3-BF4B-00C04F79EFBC}") = "WpfApp1", "WpfApp1\WpfApp1.csproj", "{539FCD07-6E94-4745-A66D-45A1611DB80A}"
EndProject
Global
	GlobalSection(SolutionConfigurationPlatforms) = preSolution
		Debug|Any CPU = Debug|Any CPU
		Release|Any CPU = Release|Any CPU
	EndGlobalSection
	GlobalSection(ProjectConfigurationPlatforms) = postSolution
		{F8E2F650-3434-44CE-AE5A-0B0B0AD26B53}.Debug|Any CPU.ActiveCfg = Debug|Any CPU
		{F8E2F650-3434-44CE-AE5A-0B0B0AD26B53}.Debug|Any CPU.Build.0 = Debug|Any CPU
		{F8E2F650-3434-44CE-AE5A-0B0B0AD26B53}.Release|Any CPU.ActiveCfg = Release|Any CPU
		{F8E2F650-3434-44CE-AE5A-0B0B0AD26B53}.Release|Any CPU.Build.0 = Release|Any CPU
		{539FCD07-6E94-4745-A66D-45A1611DB80A}.Debug|Any CPU.ActiveCfg = Debug|Any CPU
		{539FCD07-6E94-4745-A66D-45A1611DB80A}.Debug|Any CPU.Build.0 = Debug|Any CPU
		{539FCD07-6E94-4745-A66D-45A1611DB80A}.Release|Any CPU.ActiveCfg = Release|Any CPU
		{539FCD07-6E94-4745-A66D-45A1611DB80A}.Release|Any CPU.Build.0 = Release|Any CPU
	EndGlobalSection
	GlobalSection(SolutionProperties) = preSolution
		HideSolutionNode = FALSE
	EndGlobalSection
	GlobalSection(ExtensibilityGlobals) = postSolution
		SolutionGuid = {64A6F3D5-50FA-4477-AB90-2269DC2AC7ED}
	EndGlobalSection
EndGlobal
