
Microsoft Visual Studio Solution File, Format Version 12.00
# Visual Studio Version 17
VisualStudioVersion = 17.3.32825.248
MinimumVisualStudioVersion = 10.0.40219.1
Project("{FAE04EC0-301F-11D3-BF4B-00C04F79EFBC}") = "Classes", "Classes\Classes.csproj", "{47BAC76A-DB8A-4AD3-9E34-4ED5B12A03F0}"
EndProject
Global
	GlobalSection(SolutionConfigurationPlatforms) = preSolution
		Debug|Any CPU = Debug|Any CPU
		Release|Any CPU = Release|Any CPU
	EndGlobalSection
	GlobalSection(ProjectConfigurationPlatforms) = postSolution
		{47BAC76A-DB8A-4AD3-9E34-4ED5B12A03F0}.Debug|Any CPU.ActiveCfg = Debug|Any CPU
		{47BAC76A-DB8A-4AD3-9E34-4ED5B12A03F0}.Debug|Any CPU.Build.0 = Debug|Any CPU
		{47BAC76A-DB8A-4AD3-9E34-4ED5B12A03F0}.Release|Any CPU.ActiveCfg = Release|Any CPU
		{47BAC76A-DB8A-4AD3-9E34-4ED5B12A03F0}.Release|Any CPU.Build.0 = Release|Any CPU
	EndGlobalSection
	GlobalSection(SolutionProperties) = preSolution
		HideSolutionNode = FALSE
	EndGlobalSection
	GlobalSection(ExtensibilityGlobals) = postSolution
		SolutionGuid = {70AE5AAB-055E-47C2-BFC7-3377F5BAB862}
	EndGlobalSection
EndGlobal
