
Microsoft Visual Studio Solution File, Format Version 12.00
# Visual Studio Version 17
VisualStudioVersion = 17.3.32825.248
MinimumVisualStudioVersion = 10.0.40219.1
Project("{FAE04EC0-301F-11D3-BF4B-00C04F79EFBC}") = "basura13-10-2023", "basura13-10-2023\basura13-10-2023.csproj", "{8DBED7D6-288C-41AF-9924-1EB57E240780}"
EndProject
Global
	GlobalSection(SolutionConfigurationPlatforms) = preSolution
		Debug|Any CPU = Debug|Any CPU
		Release|Any CPU = Release|Any CPU
	EndGlobalSection
	GlobalSection(ProjectConfigurationPlatforms) = postSolution
		{8DBED7D6-288C-41AF-9924-1EB57E240780}.Debug|Any CPU.ActiveCfg = Debug|Any CPU
		{8DBED7D6-288C-41AF-9924-1EB57E240780}.Debug|Any CPU.Build.0 = Debug|Any CPU
		{8DBED7D6-288C-41AF-9924-1EB57E240780}.Release|Any CPU.ActiveCfg = Release|Any CPU
		{8DBED7D6-288C-41AF-9924-1EB57E240780}.Release|Any CPU.Build.0 = Release|Any CPU
	EndGlobalSection
	GlobalSection(SolutionProperties) = preSolution
		HideSolutionNode = FALSE
	EndGlobalSection
	GlobalSection(ExtensibilityGlobals) = postSolution
		SolutionGuid = {E4816732-2E74-43A0-86DD-1F0794FAB4FC}
	EndGlobalSection
EndGlobal
