
Microsoft Visual Studio Solution File, Format Version 12.00
# Visual Studio Version 17
VisualStudioVersion = 17.3.32825.248
MinimumVisualStudioVersion = 10.0.40219.1
Project("{FAE04EC0-301F-11D3-BF4B-00C04F79EFBC}") = "basurapintar16-10-2023", "basurapintar16-10-2023\basurapintar16-10-2023.csproj", "{5F67DC1E-D7EF-47BD-88CE-F8138C856E32}"
EndProject
Global
	GlobalSection(SolutionConfigurationPlatforms) = preSolution
		Debug|Any CPU = Debug|Any CPU
		Release|Any CPU = Release|Any CPU
	EndGlobalSection
	GlobalSection(ProjectConfigurationPlatforms) = postSolution
		{5F67DC1E-D7EF-47BD-88CE-F8138C856E32}.Debug|Any CPU.ActiveCfg = Debug|Any CPU
		{5F67DC1E-D7EF-47BD-88CE-F8138C856E32}.Debug|Any CPU.Build.0 = Debug|Any CPU
		{5F67DC1E-D7EF-47BD-88CE-F8138C856E32}.Release|Any CPU.ActiveCfg = Release|Any CPU
		{5F67DC1E-D7EF-47BD-88CE-F8138C856E32}.Release|Any CPU.Build.0 = Release|Any CPU
	EndGlobalSection
	GlobalSection(SolutionProperties) = preSolution
		HideSolutionNode = FALSE
	EndGlobalSection
	GlobalSection(ExtensibilityGlobals) = postSolution
		SolutionGuid = {26E01D43-472F-400E-8E05-2ACB65171253}
	EndGlobalSection
EndGlobal
