
Microsoft Visual Studio Solution File, Format Version 12.00
# Visual Studio Version 17
VisualStudioVersion = 17.8.34525.116
MinimumVisualStudioVersion = 10.0.40219.1
Project("{FAE04EC0-301F-11D3-BF4B-00C04F79EFBC}") = "DAY1", "DAY1\DAY1.csproj", "{258CE6A4-AEAA-4D1F-BEE6-23D16AC3628B}"
EndProject
Global
	GlobalSection(SolutionConfigurationPlatforms) = preSolution
		Debug|Any CPU = Debug|Any CPU
		Release|Any CPU = Release|Any CPU
	EndGlobalSection
	GlobalSection(ProjectConfigurationPlatforms) = postSolution
		{258CE6A4-AEAA-4D1F-BEE6-23D16AC3628B}.Debug|Any CPU.ActiveCfg = Debug|Any CPU
		{258CE6A4-AEAA-4D1F-BEE6-23D16AC3628B}.Debug|Any CPU.Build.0 = Debug|Any CPU
		{258CE6A4-AEAA-4D1F-BEE6-23D16AC3628B}.Release|Any CPU.ActiveCfg = Release|Any CPU
		{258CE6A4-AEAA-4D1F-BEE6-23D16AC3628B}.Release|Any CPU.Build.0 = Release|Any CPU
	EndGlobalSection
	GlobalSection(SolutionProperties) = preSolution
		HideSolutionNode = FALSE
	EndGlobalSection
	GlobalSection(ExtensibilityGlobals) = postSolution
		SolutionGuid = {0BCC1CF3-0D69-48DD-BBBB-5E2AF4E62BC0}
	EndGlobalSection
EndGlobal
